// !$*UTF8*$!
{
	archiveVersion = 1;
	classes = {
	};
	objectVersion = 77;
	objects = {

/* Begin PBXBuildFile section */
		B5D221792F9AB86500F2DEFE /* MedicalRepository.swift in Sources */ = {isa = PBXBuildFile; fileRef = B5D221782F9AB84400F2DEFE /* MedicalRepository.swift */; };
		B5D2217A2F9AB86900F2DEFE /* MedicalControl.swift in Sources */ = {isa = PBXBuildFile; fileRef = B5D221772F9AB82500F2DEFE /* MedicalControl.swift */; };
		B5D2217C2F9AB89C00F2DEFE /* CoreDataManager.swift in Sources */ = {isa = PBXBuildFile; fileRef = B5D2217B2F9AB89400F2DEFE /* CoreDataManager.swift */; };
		B5D2217E2F9AB8C400F2DEFE /* MedicalControlCell.swift in Sources */ = {isa = PBXBuildFile; fileRef = B5D2217D2F9AB8BF00F2DEFE /* MedicalControlCell.swift */; };
		B5D221802F9AB8D000F2DEFE /* MedicalListViewController.swift in Sources */ = {isa = PBXBuildFile; fileRef = B5D2217F2F9AB8CC00F2DEFE /* MedicalListViewController.swift */; };
		B5D221832F9AB97000F2DEFE /* MedicalApp.xcdatamodeld in Sources */ = {isa = PBXBuildFile; fileRef = B5D221812F9AB97000F2DEFE /* MedicalApp.xcdatamodeld */; };
		B5D221852F9ABB2200F2DEFE /* MedicalFormViewController.swift in Sources */ = {isa = PBXBuildFile; fileRef = B5D221842F9ABB2200F2DEFE /* MedicalFormViewController.swift */; };
		B5D221872F9ABE1B00F2DEFE /* MedicalDetailViewController.swift in Sources */ = {isa = PBXBuildFile; fileRef = B5D221862F9ABE1B00F2DEFE /* MedicalDetailViewController.swift */; };
/* End PBXBuildFile section */

/* Begin PBXFileReference section */
		B5D221562F9AB3E200F2DEFE /* T2-Remote-Health-App.app */ = {isa = PBXFileReference; explicitFileType = wrapper.application; includeInIndex = 0; path = "T2-Remote-Health-App.app"; sourceTree = BUILT_PRODUCTS_DIR; };
		B5D221772F9AB82500F2DEFE /* MedicalControl.swift */ = {isa = PBXFileReference; lastKnownFileType = sourcecode.swift; path = MedicalControl.swift; sourceTree = "<group>"; };
		B5D221782F9AB84400F2DEFE /* MedicalRepository.swift */ = {isa = PBXFileReference; lastKnownFileType = sourcecode.swift; path = MedicalRepository.swift; sourceTree = "<group>"; };
		B5D2217B2F9AB89400F2DEFE /* CoreDataManager.swift */ = {isa = PBXFileReference; lastKnownFileType = sourcecode.swift; path = CoreDataManager.swift; sourceTree = "<group>"; };
		B5D2217D2F9AB8BF00F2DEFE /* MedicalControlCell.swift */ = {isa = PBXFileReference; lastKnownFileType = sourcecode.swift; path = MedicalControlCell.swift; sourceTree = "<group>"; };
		B5D2217F2F9AB8CC00F2DEFE /* MedicalListViewController.swift */ = {isa = PBXFileReference; lastKnownFileType = sourcecode.swift; path = MedicalListViewController.swift; sourceTree = "<group>"; };
		B5D221822F9AB97000F2DEFE /* MedicalApp.xcdatamodel */ = {isa = PBXFileReference; lastKnownFileType = wrapper.xcdatamodel; path = MedicalApp.xcdatamodel; sourceTree = "<group>"; };
		B5D221842F9ABB2200F2DEFE /* MedicalFormViewController.swift */ = {isa = PBXFileReference; lastKnownFileType = sourcecode.swift; path = MedicalFormViewController.swift; sourceTree = "<group>"; };
		B5D221862F9ABE1B00F2DEFE /* MedicalDetailViewController.swift */ = {isa = PBXFileReference; lastKnownFileType = sourcecode.swift; path = MedicalDetailViewController.swift; sourceTree = "<group>"; };
/* End PBXFileReference section */

/* Begin PBXFileSystemSynchronizedBuildFileExceptionSet section */
		B5D2216B2F9AB3E200F2DEFE /* Exceptions for "T2-Remote-Health-App" folder in "T2-Remote-Health-App" target */ = {
			isa = PBXFileSystemSynchronizedBuildFileExceptionSet;
			membershipExceptions = (
				Info.plist,
			);
			target = B5D221552F9AB3E200F2DEFE /* T2-Remote-Health-App */;
		};
/* End PBXFileSystemSynchronizedBuildFileExceptionSet section */

/* Begin PBXFileSystemSynchronizedRootGroup section */
		B5D221582F9AB3E200F2DEFE /* T2-Remote-Health-App */ = {
			isa = PBXFileSystemSynchronizedRootGroup;
			exceptions = (
				B5D2216B2F9AB3E200F2DEFE /* Exceptions for "T2-Remote-Health-App" folder in "T2-Remote-Health-App" target */,
			);
			path = "T2-Remote-Health-App";
			sourceTree = "<group>";
		};
/* End PBXFileSystemSynchronizedRootGroup section */

/* Begin PBXFrameworksBuildPhase section */
		B5D221532F9AB3E200F2DEFE /* Frameworks */ = {
			isa = PBXFrameworksBuildPhase;
			buildActionMask = 2147483647;
			files = (
			);
			runOnlyForDeploymentPostprocessing = 0;
		};
/* End PBXFrameworksBuildPhase section */

/* Begin PBXGroup section */
		B5D2214D2F9AB3E200F2DEFE = {
			isa = PBXGroup;
			children = (
				B5D221762F9AB80400F2DEFE /* Repositories */,
				B5D221752F9AB7FB00F2DEFE /* Persistences */,
				B5D221742F9AB65400F2DEFE /* Views */,
				B5D221722F9AB61C00F2DEFE /* ViewControllers */,
				B5D221712F9AB61500F2DEFE /* Models */,
				B5D221582F9AB3E200F2DEFE /* T2-Remote-Health-App */,
				B5D221572F9AB3E200F2DEFE /* Products */,
			);
			sourceTree = "<group>";
		};
		B5D221572F9AB3E200F2DEFE /* Products */ = {
			isa = PBXGroup;
			children = (
				B5D221562F9AB3E200F2DEFE /* T2-Remote-Health-App.app */,
			);
			name = Products;
			sourceTree = "<group>";
		};
		B5D221712F9AB61500F2DEFE /* Models */ = {
			isa = PBXGroup;
			children = (
				B5D221772F9AB82500F2DEFE /* MedicalControl.swift */,
				B5D221812F9AB97000F2DEFE /* MedicalApp.xcdatamodeld */,
			);
			path = Models;
			sourceTree = "<group>";
		};
		B5D221722F9AB61C00F2DEFE /* ViewControllers */ = {
			isa = PBXGroup;
			children = (
				B5D221862F9ABE1B00F2DEFE /* MedicalDetailViewController.swift */,
				B5D221842F9ABB2200F2DEFE /* MedicalFormViewController.swift */,
				B5D2217F2F9AB8CC00F2DEFE /* MedicalListViewController.swift */,
			);
			path = ViewControllers;
			sourceTree = "<group>";
		};
		B5D221742F9AB65400F2DEFE /* Views */ = {
			isa = PBXGroup;
			children = (
				B5D2217D2F9AB8BF00F2DEFE /* MedicalControlCell.swift */,
			);
			path = Views;
			sourceTree = "<group>";
		};
		B5D221752F9AB7FB00F2DEFE /* Persistences */ = {
			isa = PBXGroup;
			children = (
				B5D2217B2F9AB89400F2DEFE /* CoreDataManager.swift */,
			);
			path = Persistences;
			sourceTree = "<group>";
		};
		B5D221762F9AB80400F2DEFE /* Repositories */ = {
			isa = PBXGroup;
			children = (
				B5D221782F9AB84400F2DEFE /* MedicalRepository.swift */,
			);
			path = Repositories;
			sourceTree = "<group>";
		};
/* End PBXGroup section */

/* Begin PBXNativeTarget section */
		B5D221552F9AB3E200F2DEFE /* T2-Remote-Health-App */ = {
			isa = PBXNativeTarget;
			buildConfigurationList = B5D2216C2F9AB3E200F2DEFE /* Build configuration list for PBXNativeTarget "T2-Remote-Health-App" */;
			buildPhases = (
				B5D221522F9AB3E200F2DEFE /* Sources */,
				B5D221532F9AB3E200F2DEFE /* Frameworks */,
				B5D221542F9AB3E200F2DEFE /* Resources */,
			);
			buildRules = (
			);
			dependencies = (
			);
			fileSystemSynchronizedGroups = (
				B5D221582F9AB3E200F2DEFE /* T2-Remote-Health-App */,
			);
			name = "T2-Remote-Health-App";
			packageProductDependencies = (
			);
			productName = "T2-Remote-Health-App";
			productReference = B5D221562F9AB3E200F2DEFE /* T2-Remote-Health-App.app */;
			productType = "com.apple.product-type.application";
		};
/* End PBXNativeTarget section */

/* Begin PBXProject section */
		B5D2214E2F9AB3E200F2DEFE /* Project object */ = {
			isa = PBXProject;
			attributes = {
				BuildIndependentTargetsInParallel = 1;
				LastSwiftUpdateCheck = 2630;
				LastUpgradeCheck = 2630;
				TargetAttributes = {
					B5D221552F9AB3E200F2DEFE = {
						CreatedOnToolsVersion = 26.3;
					};
				};
			};
			buildConfigurationList = B5D221512F9AB3E200F2DEFE /* Build configuration list for PBXProject "T2-Remote-Health-App" */;
			developmentRegion = en;
			hasScannedForEncodings = 0;
			knownRegions = (
				en,
				Base,
			);
			mainGroup = B5D2214D2F9AB3E200F2DEFE;
			minimizedProjectReferenceProxies = 1;
			preferredProjectObjectVersion = 77;
			productRefGroup = B5D221572F9AB3E200F2DEFE /* Products */;
			projectDirPath = "";
			projectRoot = "";
			targets = (
				B5D221552F9AB3E200F2DEFE /* T2-Remote-Health-App */,
			);
		};
/* End PBXProject section */

/* Begin PBXResourcesBuildPhase section */
		B5D221542F9AB3E200F2DEFE /* Resources */ = {
			isa = PBXResourcesBuildPhase;
			buildActionMask = 2147483647;
			files = (
			);
			runOnlyForDeploymentPostprocessing = 0;
		};
/* End PBXResourcesBuildPhase section */

/* Begin PBXSourcesBuildPhase section */
		B5D221522F9AB3E200F2DEFE /* Sources */ = {
			isa = PBXSourcesBuildPhase;
			buildActionMask = 2147483647;
			files = (
				B5D221832F9AB97000F2DEFE /* MedicalApp.xcdatamodeld in Sources */,
				B5D221872F9ABE1B00F2DEFE /* MedicalDetailViewController.swift in Sources */,
				B5D221852F9ABB2200F2DEFE /* MedicalFormViewController.swift in Sources */,
				B5D2217E2F9AB8C400F2DEFE /* MedicalControlCell.swift in Sources */,
				B5D2217A2F9AB86900F2DEFE /* MedicalControl.swift in Sources */,
				B5D2217C2F9AB89C00F2DEFE /* CoreDataManager.swift in Sources */,
				B5D221802F9AB8D000F2DEFE /* MedicalListViewController.swift in Sources */,
				B5D221792F9AB86500F2DEFE /* MedicalRepository.swift in Sources */,
			);
			runOnlyForDeploymentPostprocessing = 0;
		};
/* End PBXSourcesBuildPhase section */

/* Begin XCBuildConfiguration section */
		B5D2216D2F9AB3E200F2DEFE /* Debug */ = {
			isa = XCBuildConfiguration;
			buildSettings = {
				ASSETCATALOG_COMPILER_APPICON_NAME = AppIcon;
				ASSETCATALOG_COMPILER_GLOBAL_ACCENT_COLOR_NAME = AccentColor;
				CODE_SIGN_STYLE = Automatic;
				CURRENT_PROJECT_VERSION = 1;
				GENERATE_INFOPLIST_FILE = YES;
				INFOPLIST_FILE = "T2-Remote-Health-App/Info.plist";
				INFOPLIST_KEY_UIApplicationSupportsIndirectInputEvents = YES;
				INFOPLIST_KEY_UILaunchStoryboardName = LaunchScreen;
				INFOPLIST_KEY_UIMainStoryboardFile = "";
				INFOPLIST_KEY_UISupportedInterfaceOrientations_iPad = "UIInterfaceOrientationPortrait UIInterfaceOrientationPortraitUpsideDown UIInterfaceOrientationLandscapeLeft UIInterfaceOrientationLandscapeRight";
				INFOPLIST_KEY_UISupportedInterfaceOrientations_iPhone = "UIInterfaceOrientationPortrait UIInterfaceOrientationLandscapeLeft UIInterfaceOrientationLandscapeRight";
				LD_RUNPATH_SEARCH_PATHS = (
					"$(inherited)",
					"@executable_path/Frameworks",
				);
				MARKETING_VERSION = 1.0;
				PRODUCT_BUNDLE_IDENTIFIER = "com.cibertec.T2-Remote-Health-App";
				PRODUCT_NAME = "$(TARGET_NAME)";
				STRING_CATALOG_GENERATE_SYMBOLS = YES;
				SWIFT_APPROACHABLE_CONCURRENCY = YES;
				SWIFT_DEFAULT_ACTOR_ISOLATION = MainActor;
				SWIFT_EMIT_LOC_STRINGS = YES;
				SWIFT_UPCOMING_FEATURE_MEMBER_IMPORT_VISIBILITY = YES;
				SWIFT_VERSION = 5.0;
				TARGETED_DEVICE_FAMILY = "1,2";
			};
			name = Debug;
		};
		B5D2216E2F9AB3E200F2DEFE /* Release */ = {
			isa = XCBuildConfiguration;
			buildSettings = {
				ASSETCATALOG_COMPILER_APPICON_NAME = AppIcon;
				ASSETCATALOG_COMPILER_GLOBAL_ACCENT_COLOR_NAME = AccentColor;
				CODE_SIGN_STYLE = Automatic;
				CURRENT_PROJECT_VERSION = 1;
				GENERATE_INFOPLIST_FILE = YES;
				INFOPLIST_FILE = "T2-Remote-Health-App/Info.plist";
				INFOPLIST_KEY_UIApplicationSupportsIndirectInputEvents = YES;
				INFOPLIST_KEY_UILaunchStoryboardName = LaunchScreen;
				INFOPLIST_KEY_UIMainStoryboardFile = "";
				INFOPLIST_KEY_UISupportedInterfaceOrientations_iPad = "UIInterfaceOrientationPortrait UIInterfaceOrientationPortraitUpsideDown UIInterfaceOrientationLandscapeLeft UIInterfaceOrientationLandscapeRight";
				INFOPLIST_KEY_UISupportedInterfaceOrientations_iPhone = "UIInterfaceOrientationPortrait UIInterfaceOrientationLandscapeLeft UIInterfaceOrientationLandscapeRight";
				LD_RUNPATH_SEARCH_PATHS = (
					"$(inherited)",
					"@executable_path/Frameworks",
				);
				MARKETING_VERSION = 1.0;
				PRODUCT_BUNDLE_IDENTIFIER = "com.cibertec.T2-Remote-Health-App";
				PRODUCT_NAME = "$(TARGET_NAME)";
				STRING_CATALOG_GENERATE_SYMBOLS = YES;
				SWIFT_APPROACHABLE_CONCURRENCY = YES;
				SWIFT_DEFAULT_ACTOR_ISOLATION = MainActor;
				SWIFT_EMIT_LOC_STRINGS = YES;
				SWIFT_UPCOMING_FEATURE_MEMBER_IMPORT_VISIBILITY = YES;
				SWIFT_VERSION = 5.0;
				TARGETED_DEVICE_FAMILY = "1,2";
			};
			name = Release;
		};
		B5D2216F2F9AB3E200F2DEFE /* Debug */ = {
			isa = XCBuildConfiguration;
			buildSettings = {
				ALWAYS_SEARCH_USER_PATHS = NO;
				ASSETCATALOG_COMPILER_GENERATE_SWIFT_ASSET_SYMBOL_EXTENSIONS = YES;
				CLANG_ANALYZER_NONNULL = YES;
				CLANG_ANALYZER_NUMBER_OBJECT_CONVERSION = YES_AGGRESSIVE;
				CLANG_CXX_LANGUAGE_STANDARD = "gnu++20";
				CLANG_ENABLE_MODULES = YES;
				CLANG_ENABLE_OBJC_ARC = YES;
				CLANG_ENABLE_OBJC_WEAK = YES;
				CLANG_WARN_BLOCK_CAPTURE_AUTORELEASING = YES;
				CLANG_WARN_BOOL_CONVERSION = YES;
				CLANG_WARN_COMMA = YES;
				CLANG_WARN_CONSTANT_CONVERSION = YES;
				CLANG_WARN_DEPRECATED_OBJC_IMPLEMENTATIONS = YES;
				CLANG_WARN_DIRECT_OBJC_ISA_USAGE = YES_ERROR;
				CLANG_WARN_DOCUMENTATION_COMMENTS = YES;
				CLANG_WARN_EMPTY_BODY = YES;
				CLANG_WARN_ENUM_CONVERSION = YES;
				CLANG_WARN_INFINITE_RECURSION = YES;
				CLANG_WARN_INT_CONVERSION = YES;
				CLANG_WARN_NON_LITERAL_NULL_CONVERSION = YES;
				CLANG_WARN_OBJC_IMPLICIT_RETAIN_SELF = YES;
				CLANG_WARN_OBJC_LITERAL_CONVERSION = YES;
				CLANG_WARN_OBJC_ROOT_CLASS = YES_ERROR;
				CLANG_WARN_QUOTED_INCLUDE_IN_FRAMEWORK_HEADER = YES;
				CLANG_WARN_RANGE_LOOP_ANALYSIS = YES;
				CLANG_WARN_STRICT_PROTOTYPES = YES;
				CLANG_WARN_SUSPICIOUS_MOVE = YES;
				CLANG_WARN_UNGUARDED_AVAILABILITY = YES_AGGRESSIVE;
				CLANG_WARN_UNREACHABLE_CODE = YES;
				CLANG_WARN__DUPLICATE_METHOD_MATCH = YES;
				COPY_PHASE_STRIP = NO;
				DEBUG_INFORMATION_FORMAT = dwarf;
				ENABLE_STRICT_OBJC_MSGSEND = YES;
				ENABLE_TESTABILITY = YES;
				ENABLE_USER_SCRIPT_SANDBOXING = YES;
				GCC_C_LANGUAGE_STANDARD = gnu17;
				GCC_DYNAMIC_NO_PIC = NO;
				GCC_NO_COMMON_BLOCKS = YES;
				GCC_OPTIMIZATION_LEVEL = 0;
				GCC_PREPROCESSOR_DEFINITIONS = (
					"DEBUG=1",
					"$(inherited)",
				);
				GCC_WARN_64_TO_32_BIT_CONVERSION = YES;
				GCC_WARN_ABOUT_RETURN_TYPE = YES_ERROR;
				GCC_WARN_UNDECLARED_SELECTOR = YES;
				GCC_WARN_UNINITIALIZED_AUTOS = YES_AGGRESSIVE;
				GCC_WARN_UNUSED_FUNCTION = YES;
				GCC_WARN_UNUSED_VARIABLE = YES;
				IPHONEOS_DEPLOYMENT_TARGET = 26.2;
				LOCALIZATION_PREFERS_STRING_CATALOGS = YES;
				MTL_ENABLE_DEBUG_INFO = INCLUDE_SOURCE;
				MTL_FAST_MATH = YES;
				ONLY_ACTIVE_ARCH = YES;
				SDKROOT = iphoneos;
				SWIFT_ACTIVE_COMPILATION_CONDITIONS = "DEBUG $(inherited)";
				SWIFT_OPTIMIZATION_LEVEL = "-Onone";
			};
			name = Debug;
		};
		B5D221702F9AB3E200F2DEFE /* Release */ = {
			isa = XCBuildConfiguration;
			buildSettings = {
				ALWAYS_SEARCH_USER_PATHS = NO;
				ASSETCATALOG_COMPILER_GENERATE_SWIFT_ASSET_SYMBOL_EXTENSIONS = YES;
				CLANG_ANALYZER_NONNULL = YES;
				CLANG_ANALYZER_NUMBER_OBJECT_CONVERSION = YES_AGGRESSIVE;
				CLANG_CXX_LANGUAGE_STANDARD = "gnu++20";
				CLANG_ENABLE_MODULES = YES;
				CLANG_ENABLE_OBJC_ARC = YES;
				CLANG_ENABLE_OBJC_WEAK = YES;
				CLANG_WARN_BLOCK_CAPTURE_AUTORELEASING = YES;
				CLANG_WARN_BOOL_CONVERSION = YES;
				CLANG_WARN_COMMA = YES;
				CLANG_WARN_CONSTANT_CONVERSION = YES;
				CLANG_WARN_DEPRECATED_OBJC_IMPLEMENTATIONS = YES;
				CLANG_WARN_DIRECT_OBJC_ISA_USAGE = YES_ERROR;
				CLANG_WARN_DOCUMENTATION_COMMENTS = YES;
				CLANG_WARN_EMPTY_BODY = YES;
				CLANG_WARN_ENUM_CONVERSION = YES;
				CLANG_WARN_INFINITE_RECURSION = YES;
				CLANG_WARN_INT_CONVERSION = YES;
				CLANG_WARN_NON_LITERAL_NULL_CONVERSION = YES;
				CLANG_WARN_OBJC_IMPLICIT_RETAIN_SELF = YES;
				CLANG_WARN_OBJC_LITERAL_CONVERSION = YES;
				CLANG_WARN_OBJC_ROOT_CLASS = YES_ERROR;
				CLANG_WARN_QUOTED_INCLUDE_IN_FRAMEWORK_HEADER = YES;
				CLANG_WARN_RANGE_LOOP_ANALYSIS = YES;
				CLANG_WARN_STRICT_PROTOTYPES = YES;
				CLANG_WARN_SUSPICIOUS_MOVE = YES;
				CLANG_WARN_UNGUARDED_AVAILABILITY = YES_AGGRESSIVE;
				CLANG_WARN_UNREACHABLE_CODE = YES;
				CLANG_WARN__DUPLICATE_METHOD_MATCH = YES;
				COPY_PHASE_STRIP = NO;
				DEBUG_INFORMATION_FORMAT = "dwarf-with-dsym";
				ENABLE_NS_ASSERTIONS = NO;
				ENABLE_STRICT_OBJC_MSGSEND = YES;
				ENABLE_USER_SCRIPT_SANDBOXING = YES;
				GCC_C_LANGUAGE_STANDARD = gnu17;
				GCC_NO_COMMON_BLOCKS = YES;
				GCC_WARN_64_TO_32_BIT_CONVERSION = YES;
				GCC_WARN_ABOUT_RETURN_TYPE = YES_ERROR;
				GCC_WARN_UNDECLARED_SELECTOR = YES;
				GCC_WARN_UNINITIALIZED_AUTOS = YES_AGGRESSIVE;
				GCC_WARN_UNUSED_FUNCTION = YES;
				GCC_WARN_UNUSED_VARIABLE = YES;
				IPHONEOS_DEPLOYMENT_TARGET = 26.2;
				LOCALIZATION_PREFERS_STRING_CATALOGS = YES;
				MTL_ENABLE_DEBUG_INFO = NO;
				MTL_FAST_MATH = YES;
				SDKROOT = iphoneos;
				SWIFT_COMPILATION_MODE = wholemodule;
				VALIDATE_PRODUCT = YES;
			};
			name = Release;
		};
/* End XCBuildConfiguration section */

/* Begin XCConfigurationList section */
		B5D221512F9AB3E200F2DEFE /* Build configuration list for PBXProject "T2-Remote-Health-App" */ = {
			isa = XCConfigurationList;
			buildConfigurations = (
				B5D2216F2F9AB3E200F2DEFE /* Debug */,
				B5D221702F9AB3E200F2DEFE /* Release */,
			);
			defaultConfigurationIsVisible = 0;
			defaultConfigurationName = Release;
		};
		B5D2216C2F9AB3E200F2DEFE /* Build configuration list for PBXNativeTarget "T2-Remote-Health-App" */ = {
			isa = XCConfigurationList;
			buildConfigurations = (
				B5D2216D2F9AB3E200F2DEFE /* Debug */,
				B5D2216E2F9AB3E200F2DEFE /* Release */,
			);
			defaultConfigurationIsVisible = 0;
			defaultConfigurationName = Release;
		};
/* End XCConfigurationList section */

/* Begin XCVersionGroup section */
		B5D221812F9AB97000F2DEFE /* MedicalApp.xcdatamodeld */ = {
			isa = XCVersionGroup;
			children = (
				B5D221822F9AB97000F2DEFE /* MedicalApp.xcdatamodel */,
			);
			currentVersion = B5D221822F9AB97000F2DEFE /* MedicalApp.xcdatamodel */;
			path = MedicalApp.xcdatamodeld;
			sourceTree = "<group>";
			versionGroupType = wrapper.xcdatamodel;
		};
/* End XCVersionGroup section */
	};
	rootObject = B5D2214E2F9AB3E200F2DEFE /* Project object */;
}
